// !$*UTF8*$!
{
	archiveVersion = 1;
	classes = {
	};
	objectVersion = 46;
	objects = {

/* Begin PBXBuildFile section */
		A94309231A4C4192009967A8 /* AppDelegate.swift in Sources */ = {isa = PBXBuildFile; fileRef = A94309221A4C4192009967A8 /* AppDelegate.swift */; };
		A94309251A4C4192009967A8 /* ViewController.swift in Sources */ = {isa = PBXBuildFile; fileRef = A94309241A4C4192009967A8 /* ViewController.swift */; };
		A94309281A4C4193009967A8 /* Main.storyboard in Resources */ = {isa = PBXBuildFile; fileRef = A94309261A4C4193009967A8 /* Main.storyboard */; };
		A943092A1A4C4193009967A8 /* Images.xcassets in Resources */ = {isa = PBXBuildFile; fileRef = A94309291A4C4193009967A8 /* Images.xcassets */; };
		A943092D1A4C4193009967A8 /* LaunchScreen.xib in Resources */ = {isa = PBXBuildFile; fileRef = A943092B1A4C4193009967A8 /* LaunchScreen.xib */; };
		A94309391A4C4193009967A8 /* TextfieldDelegateTests.swift in Sources */ = {isa = PBXBuildFile; fileRef = A94309381A4C4193009967A8 /* TextfieldDelegateTests.swift */; };
/* End PBXBuildFile section */

/* Begin PBXContainerItemProxy section */
		A94309331A4C4193009967A8 /* PBXContainerItemProxy */ = {
			isa = PBXContainerItemProxy;
			containerPortal = A94309151A4C4192009967A8 /* Project object */;
			proxyType = 1;
			remoteGlobalIDString = A943091C1A4C4192009967A8;
			remoteInfo = TextfieldDelegate;
		};
/* End PBXContainerItemProxy section */

/* Begin PBXFileReference section */
		A943091D1A4C4192009967A8 /* TextfieldDelegate.app */ = {isa = PBXFileReference; explicitFileType = wrapper.application; includeInIndex = 0; path = TextfieldDelegate.app; sourceTree = BUILT_PRODUCTS_DIR; };
		A94309211A4C4192009967A8 /* Info.plist */ = {isa = PBXFileReference; lastKnownFileType = text.plist.xml; path = Info.plist; sourceTree = "<group>"; };
		A94309221A4C4192009967A8 /* AppDelegate.swift */ = {isa = PBXFileReference; lastKnownFileType = sourcecode.swift; path = AppDelegate.swift; sourceTree = "<group>"; };
		A94309241A4C4192009967A8 /* ViewController.swift */ = {isa = PBXFileReference; lastKnownFileType = sourcecode.swift; path = ViewController.swift; sourceTree = "<group>"; };
		A94309271A4C4193009967A8 /* Base */ = {isa = PBXFileReference; lastKnownFileType = file.storyboard; name = Base; path = Base.lproj/Main.storyboard; sourceTree = "<group>"; };
		A94309291A4C4193009967A8 /* Images.xcassets */ = {isa = PBXFileReference; lastKnownFileType = folder.assetcatalog; path = Images.xcassets; sourceTree = "<group>"; };
		A943092C1A4C4193009967A8 /* Base */ = {isa = PBXFileReference; lastKnownFileType = file.xib; name = Base; path = Base.lproj/LaunchScreen.xib; sourceTree = "<group>"; };
		A94309321A4C4193009967A8 /* TextfieldDelegateTests.xctest */ = {isa = PBXFileReference; explicitFileType = wrapper.cfbundle; includeInIndex = 0; path = TextfieldDelegateTests.xctest; sourceTree = BUILT_PRODUCTS_DIR; };
		A94309371A4C4193009967A8 /* Info.plist */ = {isa = PBXFileReference; lastKnownFileType = text.plist.xml; path = Info.plist; sourceTree = "<group>"; };
		A94309381A4C4193009967A8 /* TextfieldDelegateTests.swift */ = {isa = PBXFileReference; lastKnownFileType = sourcecode.swift; path = TextfieldDelegateTests.swift; sourceTree = "<group>"; };
/* End PBXFileReference section */

/* Begin PBXFrameworksBuildPhase section */
		A943091A1A4C4192009967A8 /* Frameworks */ = {
			isa = PBXFrameworksBuildPhase;
			buildActionMask = 2147483647;
			files = (
			);
			runOnlyForDeploymentPostprocessing = 0;
		};
		A943092F1A4C4193009967A8 /* Frameworks */ = {
			isa = PBXFrameworksBuildPhase;
			buildActionMask = 2147483647;
			files = (
			);
			runOnlyForDeploymentPostprocessing = 0;
		};
/* End PBXFrameworksBuildPhase section */

/* Begin PBXGroup section */
		A94309141A4C4192009967A8 = {
			isa = PBXGroup;
			children = (
				A943091F1A4C4192009967A8 /* TextfieldDelegate */,
				A94309351A4C4193009967A8 /* TextfieldDelegateTests */,
				A943091E1A4C4192009967A8 /* Products */,
			);
			sourceTree = "<group>";
		};
		A943091E1A4C4192009967A8 /* Products */ = {
			isa = PBXGroup;
			children = (
				A943091D1A4C4192009967A8 /* TextfieldDelegate.app */,
				A94309321A4C4193009967A8 /* TextfieldDelegateTests.xctest */,
			);
			name = Products;
			sourceTree = "<group>";
		};
		A943091F1A4C4192009967A8 /* TextfieldDelegate */ = {
			isa = PBXGroup;
			children = (
				A94309221A4C4192009967A8 /* AppDelegate.swift */,
				A94309241A4C4192009967A8 /* ViewController.swift */,
				A94309261A4C4193009967A8 /* Main.storyboard */,
				A94309291A4C4193009967A8 /* Images.xcassets */,
				A943092B1A4C4193009967A8 /* LaunchScreen.xib */,
				A94309201A4C4192009967A8 /* Supporting Files */,
			);
			path = TextfieldDelegate;
			sourceTree = "<group>";
		};
		A94309201A4C4192009967A8 /* Supporting Files */ = {
			isa = PBXGroup;
			children = (
				A94309211A4C4192009967A8 /* Info.plist */,
			);
			name = "Supporting Files";
			sourceTree = "<group>";
		};
		A94309351A4C4193009967A8 /* TextfieldDelegateTests */ = {
			isa = PBXGroup;
			children = (
				A94309381A4C4193009967A8 /* TextfieldDelegateTests.swift */,
				A94309361A4C4193009967A8 /* Supporting Files */,
			);
			path = TextfieldDelegateTests;
			sourceTree = "<group>";
		};
		A94309361A4C4193009967A8 /* Supporting Files */ = {
			isa = PBXGroup;
			children = (
				A94309371A4C4193009967A8 /* Info.plist */,
			);
			name = "Supporting Files";
			sourceTree = "<group>";
		};
/* End PBXGroup section */

/* Begin PBXNativeTarget section */
		A943091C1A4C4192009967A8 /* TextfieldDelegate */ = {
			isa = PBXNativeTarget;
			buildConfigurationList = A943093C1A4C4193009967A8 /* Build configuration list for PBXNativeTarget "TextfieldDelegate" */;
			buildPhases = (
				A94309191A4C4192009967A8 /* Sources */,
				A943091A1A4C4192009967A8 /* Frameworks */,
				A943091B1A4C4192009967A8 /* Resources */,
			);
			buildRules = (
			);
			dependencies = (
			);
			name = TextfieldDelegate;
			productName = TextfieldDelegate;
			productReference = A943091D1A4C4192009967A8 /* TextfieldDelegate.app */;
			productType = "com.apple.product-type.application";
		};
		A94309311A4C4193009967A8 /* TextfieldDelegateTests */ = {
			isa = PBXNativeTarget;
			buildConfigurationList = A943093F1A4C4193009967A8 /* Build configuration list for PBXNativeTarget "TextfieldDelegateTests" */;
			buildPhases = (
				A943092E1A4C4193009967A8 /* Sources */,
				A943092F1A4C4193009967A8 /* Frameworks */,
				A94309301A4C4193009967A8 /* Resources */,
			);
			buildRules = (
			);
			dependencies = (
				A94309341A4C4193009967A8 /* PBXTargetDependency */,
			);
			name = TextfieldDelegateTests;
			productName = TextfieldDelegateTests;
			productReference = A94309321A4C4193009967A8 /* TextfieldDelegateTests.xctest */;
			productType = "com.apple.product-type.bundle.unit-test";
		};
/* End PBXNativeTarget section */

/* Begin PBXProject section */
		A94309151A4C4192009967A8 /* Project object */ = {
			isa = PBXProject;
			attributes = {
				LastUpgradeCheck = 0610;
				ORGANIZATIONNAME = Alphaweb;
				TargetAttributes = {
					A943091C1A4C4192009967A8 = {
						CreatedOnToolsVersion = 6.1.1;
					};
					A94309311A4C4193009967A8 = {
						CreatedOnToolsVersion = 6.1.1;
						TestTargetID = A943091C1A4C4192009967A8;
					};
				};
			};
			buildConfigurationList = A94309181A4C4192009967A8 /* Build configuration list for PBXProject "TextfieldDelegate" */;
			compatibilityVersion = "Xcode 3.2";
			developmentRegion = English;
			hasScannedForEncodings = 0;
			knownRegions = (
				en,
				Base,
			);
			mainGroup = A94309141A4C4192009967A8;
			productRefGroup = A943091E1A4C4192009967A8 /* Products */;
			projectDirPath = "";
			projectRoot = "";
			targets = (
				A943091C1A4C4192009967A8 /* TextfieldDelegate */,
				A94309311A4C4193009967A8 /* TextfieldDelegateTests */,
			);
		};
/* End PBXProject section */

/* Begin PBXResourcesBuildPhase section */
		A943091B1A4C4192009967A8 /* Resources */ = {
			isa = PBXResourcesBuildPhase;
			buildActionMask = 2147483647;
			files = (
				A94309281A4C4193009967A8 /* Main.storyboard in Resources */,
				A943092D1A4C4193009967A8 /* LaunchScreen.xib in Resources */,
				A943092A1A4C4193009967A8 /* Images.xcassets in Resources */,
			);
			runOnlyForDeploymentPostprocessing = 0;
		};
		A94309301A4C4193009967A8 /* Resources */ = {
			isa = PBXResourcesBuildPhase;
			buildActionMask = 2147483647;
			files = (
			);
			runOnlyForDeploymentPostprocessing = 0;
		};
/* End PBXResourcesBuildPhase section */

/* Begin PBXSourcesBuildPhase section */
		A94309191A4C4192009967A8 /* Sources */ = {
			isa = PBXSourcesBuildPhase;
			buildActionMask = 2147483647;
			files = (
				A94309251A4C4192009967A8 /* ViewController.swift in Sources */,
				A94309231A4C4192009967A8 /* AppDelegate.swift in Sources */,
			);
			runOnlyForDeploymentPostprocessing = 0;
		};
		A943092E1A4C4193009967A8 /* Sources */ = {
			isa = PBXSourcesBuildPhase;
			buildActionMask = 2147483647;
			files = (
				A94309391A4C4193009967A8 /* TextfieldDelegateTests.swift in Sources */,
			);
			runOnlyForDeploymentPostprocessing = 0;
		};
/* End PBXSourcesBuildPhase section */

/* Begin PBXTargetDependency section */
		A94309341A4C4193009967A8 /* PBXTargetDependency */ = {
			isa = PBXTargetDependency;
			target = A943091C1A4C4192009967A8 /* TextfieldDelegate */;
			targetProxy = A94309331A4C4193009967A8 /* PBXContainerItemProxy */;
		};
/* End PBXTargetDependency section */

/* Begin PBXVariantGroup section */
		A94309261A4C4193009967A8 /* Main.storyboard */ = {
			isa = PBXVariantGroup;
			children = (
				A94309271A4C4193009967A8 /* Base */,
			);
			name = Main.storyboard;
			sourceTree = "<group>";
		};
		A943092B1A4C4193009967A8 /* LaunchScreen.xib */ = {
			isa = PBXVariantGroup;
			children = (
				A943092C1A4C4193009967A8 /* Base */,
			);
			name = LaunchScreen.xib;
			sourceTree = "<group>";
		};
/* End PBXVariantGroup section */

/* Begin XCBuildConfiguration section */
		A943093A1A4C4193009967A8 /* Debug */ = {
			isa = XCBuildConfiguration;
			buildSettings = {
				ALWAYS_SEARCH_USER_PATHS = NO;
				CLANG_CXX_LANGUAGE_STANDARD = "gnu++0x";
				CLANG_CXX_LIBRARY = "libc++";
				CLANG_ENABLE_MODULES = YES;
				CLANG_ENABLE_OBJC_ARC = YES;
				CLANG_WARN_BOOL_CONVERSION = YES;
				CLANG_WARN_CONSTANT_CONVERSION = YES;
				CLANG_WARN_DIRECT_OBJC_ISA_USAGE = YES_ERROR;
				CLANG_WARN_EMPTY_BODY = YES;
				CLANG_WARN_ENUM_CONVERSION = YES;
				CLANG_WARN_INT_CONVERSION = YES;
				CLANG_WARN_OBJC_ROOT_CLASS = YES_ERROR;
				CLANG_WARN_UNREACHABLE_CODE = YES;
				CLANG_WARN__DUPLICATE_METHOD_MATCH = YES;
				"CODE_SIGN_IDENTITY[sdk=iphoneos*]" = "iPhone Developer";
				COPY_PHASE_STRIP = NO;
				ENABLE_STRICT_OBJC_MSGSEND = YES;
				GCC_C_LANGUAGE_STANDARD = gnu99;
				GCC_DYNAMIC_NO_PIC = NO;
				GCC_OPTIMIZATION_LEVEL = 0;
				GCC_PREPROCESSOR_DEFINITIONS = (
					"DEBUG=1",
					"$(inherited)",
				);
				GCC_SYMBOLS_PRIVATE_EXTERN = NO;
				GCC_WARN_64_TO_32_BIT_CONVERSION = YES;
				GCC_WARN_ABOUT_RETURN_TYPE = YES_ERROR;
				GCC_WARN_UNDECLARED_SELECTOR = YES;
				GCC_WARN_UNINITIALIZED_AUTOS = YES_AGGRESSIVE;
				GCC_WARN_UNUSED_FUNCTION = YES;
				GCC_WARN_UNUSED_VARIABLE = YES;
				IPHONEOS_DEPLOYMENT_TARGET = 8.1;
				MTL_ENABLE_DEBUG_INFO = YES;
				ONLY_ACTIVE_ARCH = YES;
				SDKROOT = iphoneos;
				SWIFT_OPTIMIZATION_LEVEL = "-Onone";
				TARGETED_DEVICE_FAMILY = "1,2";
			};
			name = Debug;
		};
		A943093B1A4C4193009967A8 /* Release */ = {
			isa = XCBuildConfiguration;
			buildSettings = {
				ALWAYS_SEARCH_USER_PATHS = NO;
				CLANG_CXX_LANGUAGE_STANDARD = "gnu++0x";
				CLANG_CXX_LIBRARY = "libc++";
				CLANG_ENABLE_MODULES = YES;
				CLANG_ENABLE_OBJC_ARC = YES;
				CLANG_WARN_BOOL_CONVERSION = YES;
				CLANG_WARN_CONSTANT_CONVERSION = YES;
				CLANG_WARN_DIRECT_OBJC_ISA_USAGE = YES_ERROR;
				CLANG_WARN_EMPTY_BODY = YES;
				CLANG_WARN_ENUM_CONVERSION = YES;
				CLANG_WARN_INT_CONVERSION = YES;
				CLANG_WARN_OBJC_ROOT_CLASS = YES_ERROR;
				CLANG_WARN_UNREACHABLE_CODE = YES;
				CLANG_WARN__DUPLICATE_METHOD_MATCH = YES;
				"CODE_SIGN_IDENTITY[sdk=iphoneos*]" = "iPhone Developer";
				COPY_PHASE_STRIP = YES;
				ENABLE_NS_ASSERTIONS = NO;
				ENABLE_STRICT_OBJC_MSGSEND = YES;
				GCC_C_LANGUAGE_STANDARD = gnu99;
				GCC_WARN_64_TO_32_BIT_CONVERSION = YES;
				GCC_WARN_ABOUT_RETURN_TYPE = YES_ERROR;
				GCC_WARN_UNDECLARED_SELECTOR = YES;
				GCC_WARN_UNINITIALIZED_AUTOS = YES_AGGRESSIVE;
				GCC_WARN_UNUSED_FUNCTION = YES;
				GCC_WARN_UNUSED_VARIABLE = YES;
				IPHONEOS_DEPLOYMENT_TARGET = 8.1;
				MTL_ENABLE_DEBUG_INFO = NO;
				SDKROOT = iphoneos;
				TARGETED_DEVICE_FAMILY = "1,2";
				VALIDATE_PRODUCT = YES;
			};
			name = Release;
		};
		A943093D1A4C4193009967A8 /* Debug */ = {
			isa = XCBuildConfiguration;
			buildSettings = {
				ASSETCATALOG_COMPILER_APPICON_NAME = AppIcon;
				INFOPLIST_FILE = TextfieldDelegate/Info.plist;
				LD_RUNPATH_SEARCH_PATHS = "$(inherited) @executable_path/Frameworks";
				PRODUCT_NAME = "$(TARGET_NAME)";
			};
			name = Debug;
		};
		A943093E1A4C4193009967A8 /* Release */ = {
			isa = XCBuildConfiguration;
			buildSettings = {
				ASSETCATALOG_COMPILER_APPICON_NAME = AppIcon;
				INFOPLIST_FILE = TextfieldDelegate/Info.plist;
				LD_RUNPATH_SEARCH_PATHS = "$(inherited) @executable_path/Frameworks";
				PRODUCT_NAME = "$(TARGET_NAME)";
			};
			name = Release;
		};
		A94309401A4C4193009967A8 /* Debug */ = {
			isa = XCBuildConfiguration;
			buildSettings = {
				BUNDLE_LOADER = "$(TEST_HOST)";
				FRAMEWORK_SEARCH_PATHS = (
					"$(SDKROOT)/Developer/Library/Frameworks",
					"$(inherited)",
				);
				GCC_PREPROCESSOR_DEFINITIONS = (
					"DEBUG=1",
					"$(inherited)",
				);
				INFOPLIST_FILE = TextfieldDelegateTests/Info.plist;
				LD_RUNPATH_SEARCH_PATHS = "$(inherited) @executable_path/Frameworks @loader_path/Frameworks";
				PRODUCT_NAME = "$(TARGET_NAME)";
				TEST_HOST = "$(BUILT_PRODUCTS_DIR)/TextfieldDelegate.app/TextfieldDelegate";
			};
			name = Debug;
		};
		A94309411A4C4193009967A8 /* Release */ = {
			isa = XCBuildConfiguration;
			buildSettings = {
				BUNDLE_LOADER = "$(TEST_HOST)";
				FRAMEWORK_SEARCH_PATHS = (
					"$(SDKROOT)/Developer/Library/Frameworks",
					"$(inherited)",
				);
				INFOPLIST_FILE = TextfieldDelegateTests/Info.plist;
				LD_RUNPATH_SEARCH_PATHS = "$(inherited) @executable_path/Frameworks @loader_path/Frameworks";
				PRODUCT_NAME = "$(TARGET_NAME)";
				TEST_HOST = "$(BUILT_PRODUCTS_DIR)/TextfieldDelegate.app/TextfieldDelegate";
			};
			name = Release;
		};
/* End XCBuildConfiguration section */

/* Begin XCConfigurationList section */
		A94309181A4C4192009967A8 /* Build configuration list for PBXProject "TextfieldDelegate" */ = {
			isa = XCConfigurationList;
			buildConfigurations = (
				A943093A1A4C4193009967A8 /* Debug */,
				A943093B1A4C4193009967A8 /* Release */,
			);
			defaultConfigurationIsVisible = 0;
			defaultConfigurationName = Release;
		};
		A943093C1A4C4193009967A8 /* Build configuration list for PBXNativeTarget "TextfieldDelegate" */ = {
			isa = XCConfigurationList;
			buildConfigurations = (
				A943093D1A4C4193009967A8 /* Debug */,
				A943093E1A4C4193009967A8 /* Release */,
			);
			defaultConfigurationIsVisible = 0;
		};
		A943093F1A4C4193009967A8 /* Build configuration list for PBXNativeTarget "TextfieldDelegateTests" */ = {
			isa = XCConfigurationList;
			buildConfigurations = (
				A94309401A4C4193009967A8 /* Debug */,
				A94309411A4C4193009967A8 /* Release */,
			);
			defaultConfigurationIsVisible = 0;
		};
/* End XCConfigurationList section */
	};
	rootObject = A94309151A4C4192009967A8 /* Project object */;
}
